PODS:
  - ACEToolKit (0.4.0):
    - ACEToolKit/Core (= 0.4.0)
  - ACEToolKit/Core (0.4.0):
    - FFGlobalAlertController
  - FFGlobalAlertController (1.0.2)

DEPENDENCIES:
  - ACEToolKit (from `../`)

EXTERNAL SOURCES:
  ACEToolKit:
    :path: "../"

SPEC CHECKSUMS:
  ACEToolKit: 72600d9a756c3b622bf9679b1b173815304dc7da
  FFGlobalAlertController: 40c66500ae173895085911ba19d79d045bd26742

PODFILE CHECKSUM: 194236e91273022c759aabcabc4c6368e39a9d64

COCOAPODS: 1.2.0
